
Microsoft Visual Studio Solution File, Format Version 12.00
# Visual Studio Version 17
VisualStudioVersion = 17.14.36327.8 d17.14
MinimumVisualStudioVersion = 10.0.40219.1
Project("{FAE04EC0-301F-11D3-BF4B-00C04F79EFBC}") = "EsportApp", "EsportApp.csproj", "{65E10D7F-F2A7-450B-9879-A5AEFC738B6A}"
EndProject
Project("{FAE04EC0-301F-11D3-BF4B-00C04F79EFBC}") = "DataSeries", "..\DataSeries\DataSeries.csproj", "{8F512B6D-F90E-42B6-9259-1450BFE62CEA}"
EndProject
Global
	GlobalSection(SolutionConfigurationPlatforms) = preSolution
		Debug|Any CPU = Debug|Any CPU
		Release|Any CPU = Release|Any CPU
	EndGlobalSection
	GlobalSection(ProjectConfigurationPlatforms) = postSolution
		{65E10D7F-F2A7-450B-9879-A5AEFC738B6A}.Debug|Any CPU.ActiveCfg = Debug|Any CPU
		{65E10D7F-F2A7-450B-9879-A5AEFC738B6A}.Debug|Any CPU.Build.0 = Debug|Any CPU
		{65E10D7F-F2A7-450B-9879-A5AEFC738B6A}.Release|Any CPU.ActiveCfg = Release|Any CPU
		{65E10D7F-F2A7-450B-9879-A5AEFC738B6A}.Release|Any CPU.Build.0 = Release|Any CPU
		{8F512B6D-F90E-42B6-9259-1450BFE62CEA}.Debug|Any CPU.ActiveCfg = Debug|Any CPU
		{8F512B6D-F90E-42B6-9259-1450BFE62CEA}.Debug|Any CPU.Build.0 = Debug|Any CPU
		{8F512B6D-F90E-42B6-9259-1450BFE62CEA}.Release|Any CPU.ActiveCfg = Release|Any CPU
		{8F512B6D-F90E-42B6-9259-1450BFE62CEA}.Release|Any CPU.Build.0 = Release|Any CPU
	EndGlobalSection
	GlobalSection(SolutionProperties) = preSolution
		HideSolutionNode = FALSE
	EndGlobalSection
	GlobalSection(ExtensibilityGlobals) = postSolution
		SolutionGuid = {3A92C398-20B7-4D79-9F0C-0762BA0EB8A0}
	EndGlobalSection
EndGlobal
